// !$*UTF8*$!
{
	archiveVersion = 1;
	classes = {
	};
	objectVersion = 50;
	objects = {

/* Begin PBXBuildFile section */
		F65BE761266F5E2B0058CB8A /* AppDelegate.swift in Sources */ = {isa = PBXBuildFile; fileRef = F65BE760266F5E2B0058CB8A /* AppDelegate.swift */; };
		F65BE763266F5E2B0058CB8A /* SceneDelegate.swift in Sources */ = {isa = PBXBuildFile; fileRef = F65BE762266F5E2B0058CB8A /* SceneDelegate.swift */; };
		F65BE765266F5E2B0058CB8A /* ViewController.swift in Sources */ = {isa = PBXBuildFile; fileRef = F65BE764266F5E2B0058CB8A /* ViewController.swift */; };
		F65BE768266F5E2B0058CB8A /* Main.storyboard in Resources */ = {isa = PBXBuildFile; fileRef = F65BE766266F5E2B0058CB8A /* Main.storyboard */; };
		F65BE76A266F5E2E0058CB8A /* Assets.xcassets in Resources */ = {isa = PBXBuildFile; fileRef = F65BE769266F5E2E0058CB8A /* Assets.xcassets */; };
		F65BE76D266F5E2E0058CB8A /* LaunchScreen.storyboard in Resources */ = {isa = PBXBuildFile; fileRef = F65BE76B266F5E2E0058CB8A /* LaunchScreen.storyboard */; };
		F65BE775267065810058CB8A /* SectionTableViewController.swift in Sources */ = {isa = PBXBuildFile; fileRef = F65BE774267065800058CB8A /* SectionTableViewController.swift */; };
		F65BE77726706E9E0058CB8A /* BuahTableViewController.swift in Sources */ = {isa = PBXBuildFile; fileRef = F65BE77626706E9E0058CB8A /* BuahTableViewController.swift */; };
		F65BE77926706EDC0058CB8A /* BuahTableViewCell.swift in Sources */ = {isa = PBXBuildFile; fileRef = F65BE77826706EDC0058CB8A /* BuahTableViewCell.swift */; };
		F65BE77D267077FA0058CB8A /* DetailBuahViewController.swift in Sources */ = {isa = PBXBuildFile; fileRef = F65BE77C267077FA0058CB8A /* DetailBuahViewController.swift */; };
		F65BE7832670984D0058CB8A /* BuahCollectionViewController.swift in Sources */ = {isa = PBXBuildFile; fileRef = F65BE7822670984D0058CB8A /* BuahCollectionViewController.swift */; };
		F65BE785267098790058CB8A /* BuahCollectionViewCell.swift in Sources */ = {isa = PBXBuildFile; fileRef = F65BE784267098790058CB8A /* BuahCollectionViewCell.swift */; };
/* End PBXBuildFile section */

/* Begin PBXFileReference section */
		F65BE75D266F5E2B0058CB8A /* Table View.app */ = {isa = PBXFileReference; explicitFileType = wrapper.application; includeInIndex = 0; path = "Table View.app"; sourceTree = BUILT_PRODUCTS_DIR; };
		F65BE760266F5E2B0058CB8A /* AppDelegate.swift */ = {isa = PBXFileReference; lastKnownFileType = sourcecode.swift; path = AppDelegate.swift; sourceTree = "<group>"; };
		F65BE762266F5E2B0058CB8A /* SceneDelegate.swift */ = {isa = PBXFileReference; lastKnownFileType = sourcecode.swift; path = SceneDelegate.swift; sourceTree = "<group>"; };
		F65BE764266F5E2B0058CB8A /* ViewController.swift */ = {isa = PBXFileReference; lastKnownFileType = sourcecode.swift; path = ViewController.swift; sourceTree = "<group>"; };
		F65BE767266F5E2B0058CB8A /* Base */ = {isa = PBXFileReference; lastKnownFileType = file.storyboard; name = Base; path = Base.lproj/Main.storyboard; sourceTree = "<group>"; };
		F65BE769266F5E2E0058CB8A /* Assets.xcassets */ = {isa = PBXFileReference; lastKnownFileType = folder.assetcatalog; path = Assets.xcassets; sourceTree = "<group>"; };
		F65BE76C266F5E2E0058CB8A /* Base */ = {isa = PBXFileReference; lastKnownFileType = file.storyboard; name = Base; path = Base.lproj/LaunchScreen.storyboard; sourceTree = "<group>"; };
		F65BE76E266F5E2E0058CB8A /* Info.plist */ = {isa = PBXFileReference; lastKnownFileType = text.plist.xml; path = Info.plist; sourceTree = "<group>"; };
		F65BE774267065800058CB8A /* SectionTableViewController.swift */ = {isa = PBXFileReference; lastKnownFileType = sourcecode.swift; path = SectionTableViewController.swift; sourceTree = "<group>"; };
		F65BE77626706E9E0058CB8A /* BuahTableViewController.swift */ = {isa = PBXFileReference; lastKnownFileType = sourcecode.swift; path = BuahTableViewController.swift; sourceTree = "<group>"; };
		F65BE77826706EDC0058CB8A /* BuahTableViewCell.swift */ = {isa = PBXFileReference; lastKnownFileType = sourcecode.swift; path = BuahTableViewCell.swift; sourceTree = "<group>"; };
		F65BE77C267077FA0058CB8A /* DetailBuahViewController.swift */ = {isa = PBXFileReference; lastKnownFileType = sourcecode.swift; path = DetailBuahViewController.swift; sourceTree = "<group>"; };
		F65BE7822670984D0058CB8A /* BuahCollectionViewController.swift */ = {isa = PBXFileReference; lastKnownFileType = sourcecode.swift; path = BuahCollectionViewController.swift; sourceTree = "<group>"; };
		F65BE784267098790058CB8A /* BuahCollectionViewCell.swift */ = {isa = PBXFileReference; lastKnownFileType = sourcecode.swift; path = BuahCollectionViewCell.swift; sourceTree = "<group>"; };
/* End PBXFileReference section */

/* Begin PBXFrameworksBuildPhase section */
		F65BE75A266F5E2B0058CB8A /* Frameworks */ = {
			isa = PBXFrameworksBuildPhase;
			buildActionMask = 2147483647;
			files = (
			);
			runOnlyForDeploymentPostprocessing = 0;
		};
/* End PBXFrameworksBuildPhase section */

/* Begin PBXGroup section */
		F65BE754266F5E2B0058CB8A = {
			isa = PBXGroup;
			children = (
				F65BE75F266F5E2B0058CB8A /* Table View */,
				F65BE75E266F5E2B0058CB8A /* Products */,
			);
			sourceTree = "<group>";
		};
		F65BE75E266F5E2B0058CB8A /* Products */ = {
			isa = PBXGroup;
			children = (
				F65BE75D266F5E2B0058CB8A /* Table View.app */,
			);
			name = Products;
			sourceTree = "<group>";
		};
		F65BE75F266F5E2B0058CB8A /* Table View */ = {
			isa = PBXGroup;
			children = (
				F65BE781267097A90058CB8A /* collection */,
				F65BE780267096BC0058CB8A /* custom */,
				F65BE77F267096B20058CB8A /* section */,
				F65BE77E267096A40058CB8A /* simple */,
				F65BE760266F5E2B0058CB8A /* AppDelegate.swift */,
				F65BE762266F5E2B0058CB8A /* SceneDelegate.swift */,
				F65BE766266F5E2B0058CB8A /* Main.storyboard */,
				F65BE769266F5E2E0058CB8A /* Assets.xcassets */,
				F65BE76B266F5E2E0058CB8A /* LaunchScreen.storyboard */,
				F65BE76E266F5E2E0058CB8A /* Info.plist */,
			);
			path = "Table View";
			sourceTree = "<group>";
		};
		F65BE77E267096A40058CB8A /* simple */ = {
			isa = PBXGroup;
			children = (
				F65BE764266F5E2B0058CB8A /* ViewController.swift */,
			);
			path = simple;
			sourceTree = "<group>";
		};
		F65BE77F267096B20058CB8A /* section */ = {
			isa = PBXGroup;
			children = (
				F65BE774267065800058CB8A /* SectionTableViewController.swift */,
			);
			path = section;
			sourceTree = "<group>";
		};
		F65BE780267096BC0058CB8A /* custom */ = {
			isa = PBXGroup;
			children = (
				F65BE77626706E9E0058CB8A /* BuahTableViewController.swift */,
				F65BE77826706EDC0058CB8A /* BuahTableViewCell.swift */,
				F65BE77C267077FA0058CB8A /* DetailBuahViewController.swift */,
			);
			path = custom;
			sourceTree = "<group>";
		};
		F65BE781267097A90058CB8A /* collection */ = {
			isa = PBXGroup;
			children = (
				F65BE7822670984D0058CB8A /* BuahCollectionViewController.swift */,
				F65BE784267098790058CB8A /* BuahCollectionViewCell.swift */,
			);
			path = collection;
			sourceTree = "<group>";
		};
/* End PBXGroup section */

/* Begin PBXNativeTarget section */
		F65BE75C266F5E2B0058CB8A /* Table View */ = {
			isa = PBXNativeTarget;
			buildConfigurationList = F65BE771266F5E2E0058CB8A /* Build configuration list for PBXNativeTarget "Table View" */;
			buildPhases = (
				F65BE759266F5E2B0058CB8A /* Sources */,
				F65BE75A266F5E2B0058CB8A /* Frameworks */,
				F65BE75B266F5E2B0058CB8A /* Resources */,
			);
			buildRules = (
			);
			dependencies = (
			);
			name = "Table View";
			productName = "Table View";
			productReference = F65BE75D266F5E2B0058CB8A /* Table View.app */;
			productType = "com.apple.product-type.application";
		};
/* End PBXNativeTarget section */

/* Begin PBXProject section */
		F65BE755266F5E2B0058CB8A /* Project object */ = {
			isa = PBXProject;
			attributes = {
				LastSwiftUpdateCheck = 1250;
				LastUpgradeCheck = 1250;
				TargetAttributes = {
					F65BE75C266F5E2B0058CB8A = {
						CreatedOnToolsVersion = 12.5;
					};
				};
			};
			buildConfigurationList = F65BE758266F5E2B0058CB8A /* Build configuration list for PBXProject "Table View" */;
			compatibilityVersion = "Xcode 9.3";
			developmentRegion = en;
			hasScannedForEncodings = 0;
			knownRegions = (
				en,
				Base,
			);
			mainGroup = F65BE754266F5E2B0058CB8A;
			productRefGroup = F65BE75E266F5E2B0058CB8A /* Products */;
			projectDirPath = "";
			projectRoot = "";
			targets = (
				F65BE75C266F5E2B0058CB8A /* Table View */,
			);
		};
/* End PBXProject section */

/* Begin PBXResourcesBuildPhase section */
		F65BE75B266F5E2B0058CB8A /* Resources */ = {
			isa = PBXResourcesBuildPhase;
			buildActionMask = 2147483647;
			files = (
				F65BE76D266F5E2E0058CB8A /* LaunchScreen.storyboard in Resources */,
				F65BE76A266F5E2E0058CB8A /* Assets.xcassets in Resources */,
				F65BE768266F5E2B0058CB8A /* Main.storyboard in Resources */,
			);
			runOnlyForDeploymentPostprocessing = 0;
		};
/* End PBXResourcesBuildPhase section */

/* Begin PBXSourcesBuildPhase section */
		F65BE759266F5E2B0058CB8A /* Sources */ = {
			isa = PBXSourcesBuildPhase;
			buildActionMask = 2147483647;
			files = (
				F65BE7832670984D0058CB8A /* BuahCollectionViewController.swift in Sources */,
				F65BE785267098790058CB8A /* BuahCollectionViewCell.swift in Sources */,
				F65BE765266F5E2B0058CB8A /* ViewController.swift in Sources */,
				F65BE761266F5E2B0058CB8A /* AppDelegate.swift in Sources */,
				F65BE77726706E9E0058CB8A /* BuahTableViewController.swift in Sources */,
				F65BE77926706EDC0058CB8A /* BuahTableViewCell.swift in Sources */,
				F65BE775267065810058CB8A /* SectionTableViewController.swift in Sources */,
				F65BE763266F5E2B0058CB8A /* SceneDelegate.swift in Sources */,
				F65BE77D267077FA0058CB8A /* DetailBuahViewController.swift in Sources */,
			);
			runOnlyForDeploymentPostprocessing = 0;
		};
/* End PBXSourcesBuildPhase section */

/* Begin PBXVariantGroup section */
		F65BE766266F5E2B0058CB8A /* Main.storyboard */ = {
			isa = PBXVariantGroup;
			children = (
				F65BE767266F5E2B0058CB8A /* Base */,
			);
			name = Main.storyboard;
			sourceTree = "<group>";
		};
		F65BE76B266F5E2E0058CB8A /* LaunchScreen.storyboard */ = {
			isa = PBXVariantGroup;
			children = (
				F65BE76C266F5E2E0058CB8A /* Base */,
			);
			name = LaunchScreen.storyboard;
			sourceTree = "<group>";
		};
/* End PBXVariantGroup section */

/* Begin XCBuildConfiguration section */
		F65BE76F266F5E2E0058CB8A /* Debug */ = {
			isa = XCBuildConfiguration;
			buildSettings = {
				ALWAYS_SEARCH_USER_PATHS = NO;
				CLANG_ANALYZER_NONNULL = YES;
				CLANG_ANALYZER_NUMBER_OBJECT_CONVERSION = YES_AGGRESSIVE;
				CLANG_CXX_LANGUAGE_STANDARD = "gnu++14";
				CLANG_CXX_LIBRARY = "libc++";
				CLANG_ENABLE_MODULES = YES;
				CLANG_ENABLE_OBJC_ARC = YES;
				CLANG_ENABLE_OBJC_WEAK = YES;
				CLANG_WARN_BLOCK_CAPTURE_AUTORELEASING = YES;
				CLANG_WARN_BOOL_CONVERSION = YES;
				CLANG_WARN_COMMA = YES;
				CLANG_WARN_CONSTANT_CONVERSION = YES;
				CLANG_WARN_DEPRECATED_OBJC_IMPLEMENTATIONS = YES;
				CLANG_WARN_DIRECT_OBJC_ISA_USAGE = YES_ERROR;
				CLANG_WARN_DOCUMENTATION_COMMENTS = YES;
				CLANG_WARN_EMPTY_BODY = YES;
				CLANG_WARN_ENUM_CONVERSION = YES;
				CLANG_WARN_INFINITE_RECURSION = YES;
				CLANG_WARN_INT_CONVERSION = YES;
				CLANG_WARN_NON_LITERAL_NULL_CONVERSION = YES;
				CLANG_WARN_OBJC_IMPLICIT_RETAIN_SELF = YES;
				CLANG_WARN_OBJC_LITERAL_CONVERSION = YES;
				CLANG_WARN_OBJC_ROOT_CLASS = YES_ERROR;
				CLANG_WARN_QUOTED_INCLUDE_IN_FRAMEWORK_HEADER = YES;
				CLANG_WARN_RANGE_LOOP_ANALYSIS = YES;
				CLANG_WARN_STRICT_PROTOTYPES = YES;
				CLANG_WARN_SUSPICIOUS_MOVE = YES;
				CLANG_WARN_UNGUARDED_AVAILABILITY = YES_AGGRESSIVE;
				CLANG_WARN_UNREACHABLE_CODE = YES;
				CLANG_WARN__DUPLICATE_METHOD_MATCH = YES;
				COPY_PHASE_STRIP = NO;
				DEBUG_INFORMATION_FORMAT = dwarf;
				ENABLE_STRICT_OBJC_MSGSEND = YES;
				ENABLE_TESTABILITY = YES;
				GCC_C_LANGUAGE_STANDARD = gnu11;
				GCC_DYNAMIC_NO_PIC = NO;
				GCC_NO_COMMON_BLOCKS = YES;
				GCC_OPTIMIZATION_LEVEL = 0;
				GCC_PREPROCESSOR_DEFINITIONS = (
					"DEBUG=1",
					"$(inherited)",
				);
				GCC_WARN_64_TO_32_BIT_CONVERSION = YES;
				GCC_WARN_ABOUT_RETURN_TYPE = YES_ERROR;
				GCC_WARN_UNDECLARED_SELECTOR = YES;
				GCC_WARN_UNINITIALIZED_AUTOS = YES_AGGRESSIVE;
				GCC_WARN_UNUSED_FUNCTION = YES;
				GCC_WARN_UNUSED_VARIABLE = YES;
				IPHONEOS_DEPLOYMENT_TARGET = 14.5;
				MTL_ENABLE_DEBUG_INFO = INCLUDE_SOURCE;
				MTL_FAST_MATH = YES;
				ONLY_ACTIVE_ARCH = YES;
				SDKROOT = iphoneos;
				SWIFT_ACTIVE_COMPILATION_CONDITIONS = DEBUG;
				SWIFT_OPTIMIZATION_LEVEL = "-Onone";
			};
			name = Debug;
		};
		F65BE770266F5E2E0058CB8A /* Release */ = {
			isa = XCBuildConfiguration;
			buildSettings = {
				ALWAYS_SEARCH_USER_PATHS = NO;
				CLANG_ANALYZER_NONNULL = YES;
				CLANG_ANALYZER_NUMBER_OBJECT_CONVERSION = YES_AGGRESSIVE;
				CLANG_CXX_LANGUAGE_STANDARD = "gnu++14";
				CLANG_CXX_LIBRARY = "libc++";
				CLANG_ENABLE_MODULES = YES;
				CLANG_ENABLE_OBJC_ARC = YES;
				CLANG_ENABLE_OBJC_WEAK = YES;
				CLANG_WARN_BLOCK_CAPTURE_AUTORELEASING = YES;
				CLANG_WARN_BOOL_CONVERSION = YES;
				CLANG_WARN_COMMA = YES;
				CLANG_WARN_CONSTANT_CONVERSION = YES;
				CLANG_WARN_DEPRECATED_OBJC_IMPLEMENTATIONS = YES;
				CLANG_WARN_DIRECT_OBJC_ISA_USAGE = YES_ERROR;
				CLANG_WARN_DOCUMENTATION_COMMENTS = YES;
				CLANG_WARN_EMPTY_BODY = YES;
				CLANG_WARN_ENUM_CONVERSION = YES;
				CLANG_WARN_INFINITE_RECURSION = YES;
				CLANG_WARN_INT_CONVERSION = YES;
				CLANG_WARN_NON_LITERAL_NULL_CONVERSION = YES;
				CLANG_WARN_OBJC_IMPLICIT_RETAIN_SELF = YES;
				CLANG_WARN_OBJC_LITERAL_CONVERSION = YES;
				CLANG_WARN_OBJC_ROOT_CLASS = YES_ERROR;
				CLANG_WARN_QUOTED_INCLUDE_IN_FRAMEWORK_HEADER = YES;
				CLANG_WARN_RANGE_LOOP_ANALYSIS = YES;
				CLANG_WARN_STRICT_PROTOTYPES = YES;
				CLANG_WARN_SUSPICIOUS_MOVE = YES;
				CLANG_WARN_UNGUARDED_AVAILABILITY = YES_AGGRESSIVE;
				CLANG_WARN_UNREACHABLE_CODE = YES;
				CLANG_WARN__DUPLICATE_METHOD_MATCH = YES;
				COPY_PHASE_STRIP = NO;
				DEBUG_INFORMATION_FORMAT = "dwarf-with-dsym";
				ENABLE_NS_ASSERTIONS = NO;
				ENABLE_STRICT_OBJC_MSGSEND = YES;
				GCC_C_LANGUAGE_STANDARD = gnu11;
				GCC_NO_COMMON_BLOCKS = YES;
				GCC_WARN_64_TO_32_BIT_CONVERSION = YES;
				GCC_WARN_ABOUT_RETURN_TYPE = YES_ERROR;
				GCC_WARN_UNDECLARED_SELECTOR = YES;
				GCC_WARN_UNINITIALIZED_AUTOS = YES_AGGRESSIVE;
				GCC_WARN_UNUSED_FUNCTION = YES;
				GCC_WARN_UNUSED_VARIABLE = YES;
				IPHONEOS_DEPLOYMENT_TARGET = 14.5;
				MTL_ENABLE_DEBUG_INFO = NO;
				MTL_FAST_MATH = YES;
				SDKROOT = iphoneos;
				SWIFT_COMPILATION_MODE = wholemodule;
				SWIFT_OPTIMIZATION_LEVEL = "-O";
				VALIDATE_PRODUCT = YES;
			};
			name = Release;
		};
		F65BE772266F5E2E0058CB8A /* Debug */ = {
			isa = XCBuildConfiguration;
			buildSettings = {
				ASSETCATALOG_COMPILER_APPICON_NAME = AppIcon;
				ASSETCATALOG_COMPILER_GLOBAL_ACCENT_COLOR_NAME = AccentColor;
				CODE_SIGN_STYLE = Automatic;
				DEVELOPMENT_TEAM = 34BC673A73;
				INFOPLIST_FILE = "Table View/Info.plist";
				LD_RUNPATH_SEARCH_PATHS = (
					"$(inherited)",
					"@executable_path/Frameworks",
				);
				PRODUCT_BUNDLE_IDENTIFIER = "nanda.Table-View";
				PRODUCT_NAME = "$(TARGET_NAME)";
				SWIFT_VERSION = 5.0;
				TARGETED_DEVICE_FAMILY = "1,2";
			};
			name = Debug;
		};
		F65BE773266F5E2E0058CB8A /* Release */ = {
			isa = XCBuildConfiguration;
			buildSettings = {
				ASSETCATALOG_COMPILER_APPICON_NAME = AppIcon;
				ASSETCATALOG_COMPILER_GLOBAL_ACCENT_COLOR_NAME = AccentColor;
				CODE_SIGN_STYLE = Automatic;
				DEVELOPMENT_TEAM = 34BC673A73;
				INFOPLIST_FILE = "Table View/Info.plist";
				LD_RUNPATH_SEARCH_PATHS = (
					"$(inherited)",
					"@executable_path/Frameworks",
				);
				PRODUCT_BUNDLE_IDENTIFIER = "nanda.Table-View";
				PRODUCT_NAME = "$(TARGET_NAME)";
				SWIFT_VERSION = 5.0;
				TARGETED_DEVICE_FAMILY = "1,2";
			};
			name = Release;
		};
/* End XCBuildConfiguration section */

/* Begin XCConfigurationList section */
		F65BE758266F5E2B0058CB8A /* Build configuration list for PBXProject "Table View" */ = {
			isa = XCConfigurationList;
			buildConfigurations = (
				F65BE76F266F5E2E0058CB8A /* Debug */,
				F65BE770266F5E2E0058CB8A /* Release */,
			);
			defaultConfigurationIsVisible = 0;
			defaultConfigurationName = Release;
		};
		F65BE771266F5E2E0058CB8A /* Build configuration list for PBXNativeTarget "Table View" */ = {
			isa = XCConfigurationList;
			buildConfigurations = (
				F65BE772266F5E2E0058CB8A /* Debug */,
				F65BE773266F5E2E0058CB8A /* Release */,
			);
			defaultConfigurationIsVisible = 0;
			defaultConfigurationName = Release;
		};
/* End XCConfigurationList section */
	};
	rootObject = F65BE755266F5E2B0058CB8A /* Project object */;
}
